
Microsoft Visual Studio Solution File, Format Version 12.00
# Visual Studio 15
VisualStudioVersion = 15.0.28307.489
MinimumVisualStudioVersion = 10.0.40219.1
Project("{FAE04EC0-301F-11D3-BF4B-00C04F79EFBC}") = "ParkinLot22", "ParkinLot22\ParkinLot22.csproj", "{46AB0AB3-F922-439E-A638-FFD78B6877A9}"
EndProject
Project("{FAE04EC0-301F-11D3-BF4B-00C04F79EFBC}") = "ParkinApp.Android", "ParkinApp\ParkinApp.Android\ParkinApp.Android.csproj", "{271FC0C7-9586-4905-812A-30C9E63B364B}"
EndProject
Project("{FAE04EC0-301F-11D3-BF4B-00C04F79EFBC}") = "ParkinApp.UWP", "ParkinApp\ParkinApp.UWP\ParkinApp.UWP.csproj", "{34D6C603-EA52-4701-91A4-40E99552F357}"
EndProject
Project("{FAE04EC0-301F-11D3-BF4B-00C04F79EFBC}") = "ParkinApp", "ParkinApp\ParkinApp\ParkinApp.csproj", "{1251C581-FF3E-4CC6-8146-D9AE2D4E1A87}"
EndProject
Global
	GlobalSection(SolutionConfigurationPlatforms) = preSolution
		Debug|Any CPU = Debug|Any CPU
		Debug|ARM = Debug|ARM
		Debug|x64 = Debug|x64
		Debug|x86 = Debug|x86
		Release|Any CPU = Release|Any CPU
		Release|ARM = Release|ARM
		Release|x64 = Release|x64
		Release|x86 = Release|x86
	EndGlobalSection
	GlobalSection(ProjectConfigurationPlatforms) = postSolution
		{46AB0AB3-F922-439E-A638-FFD78B6877A9}.Debug|Any CPU.ActiveCfg = Debug|Any CPU
		{46AB0AB3-F922-439E-A638-FFD78B6877A9}.Debug|Any CPU.Build.0 = Debug|Any CPU
		{46AB0AB3-F922-439E-A638-FFD78B6877A9}.Debug|ARM.ActiveCfg = Debug|Any CPU
		{46AB0AB3-F922-439E-A638-FFD78B6877A9}.Debug|ARM.Build.0 = Debug|Any CPU
		{46AB0AB3-F922-439E-A638-FFD78B6877A9}.Debug|x64.ActiveCfg = Debug|Any CPU
		{46AB0AB3-F922-439E-A638-FFD78B6877A9}.Debug|x64.Build.0 = Debug|Any CPU
		{46AB0AB3-F922-439E-A638-FFD78B6877A9}.Debug|x86.ActiveCfg = Debug|Any CPU
		{46AB0AB3-F922-439E-A638-FFD78B6877A9}.Debug|x86.Build.0 = Debug|Any CPU
		{46AB0AB3-F922-439E-A638-FFD78B6877A9}.Release|Any CPU.ActiveCfg = Release|Any CPU
		{46AB0AB3-F922-439E-A638-FFD78B6877A9}.Release|Any CPU.Build.0 = Release|Any CPU
		{46AB0AB3-F922-439E-A638-FFD78B6877A9}.Release|ARM.ActiveCfg = Release|Any CPU
		{46AB0AB3-F922-439E-A638-FFD78B6877A9}.Release|ARM.Build.0 = Release|Any CPU
		{46AB0AB3-F922-439E-A638-FFD78B6877A9}.Release|x64.ActiveCfg = Release|Any CPU
		{46AB0AB3-F922-439E-A638-FFD78B6877A9}.Release|x64.Build.0 = Release|Any CPU
		{46AB0AB3-F922-439E-A638-FFD78B6877A9}.Release|x86.ActiveCfg = Release|Any CPU
		{46AB0AB3-F922-439E-A638-FFD78B6877A9}.Release|x86.Build.0 = Release|Any CPU
		{271FC0C7-9586-4905-812A-30C9E63B364B}.Debug|Any CPU.ActiveCfg = Debug|Any CPU
		{271FC0C7-9586-4905-812A-30C9E63B364B}.Debug|Any CPU.Build.0 = Debug|Any CPU
		{271FC0C7-9586-4905-812A-30C9E63B364B}.Debug|Any CPU.Deploy.0 = Debug|Any CPU
		{271FC0C7-9586-4905-812A-30C9E63B364B}.Debug|ARM.ActiveCfg = Debug|Any CPU
		{271FC0C7-9586-4905-812A-30C9E63B364B}.Debug|ARM.Build.0 = Debug|Any CPU
		{271FC0C7-9586-4905-812A-30C9E63B364B}.Debug|ARM.Deploy.0 = Debug|Any CPU
		{271FC0C7-9586-4905-812A-30C9E63B364B}.Debug|x64.ActiveCfg = Debug|Any CPU
		{271FC0C7-9586-4905-812A-30C9E63B364B}.Debug|x64.Build.0 = Debug|Any CPU
		{271FC0C7-9586-4905-812A-30C9E63B364B}.Debug|x64.Deploy.0 = Debug|Any CPU
		{271FC0C7-9586-4905-812A-30C9E63B364B}.Debug|x86.ActiveCfg = Debug|Any CPU
		{271FC0C7-9586-4905-812A-30C9E63B364B}.Debug|x86.Build.0 = Debug|Any CPU
		{271FC0C7-9586-4905-812A-30C9E63B364B}.Debug|x86.Deploy.0 = Debug|Any CPU
		{271FC0C7-9586-4905-812A-30C9E63B364B}.Release|Any CPU.ActiveCfg = Release|Any CPU
		{271FC0C7-9586-4905-812A-30C9E63B364B}.Release|Any CPU.Build.0 = Release|Any CPU
		{271FC0C7-9586-4905-812A-30C9E63B364B}.Release|Any CPU.Deploy.0 = Release|Any CPU
		{271FC0C7-9586-4905-812A-30C9E63B364B}.Release|ARM.ActiveCfg = Release|Any CPU
		{271FC0C7-9586-4905-812A-30C9E63B364B}.Release|ARM.Build.0 = Release|Any CPU
		{271FC0C7-9586-4905-812A-30C9E63B364B}.Release|ARM.Deploy.0 = Release|Any CPU
		{271FC0C7-9586-4905-812A-30C9E63B364B}.Release|x64.ActiveCfg = Release|Any CPU
		{271FC0C7-9586-4905-812A-30C9E63B364B}.Release|x64.Build.0 = Release|Any CPU
		{271FC0C7-9586-4905-812A-30C9E63B364B}.Release|x64.Deploy.0 = Release|Any CPU
		{271FC0C7-9586-4905-812A-30C9E63B364B}.Release|x86.ActiveCfg = Release|Any CPU
		{271FC0C7-9586-4905-812A-30C9E63B364B}.Release|x86.Build.0 = Release|Any CPU
		{271FC0C7-9586-4905-812A-30C9E63B364B}.Release|x86.Deploy.0 = Release|Any CPU
		{34D6C603-EA52-4701-91A4-40E99552F357}.Debug|Any CPU.ActiveCfg = Debug|x86
		{34D6C603-EA52-4701-91A4-40E99552F357}.Debug|ARM.ActiveCfg = Debug|ARM
		{34D6C603-EA52-4701-91A4-40E99552F357}.Debug|ARM.Build.0 = Debug|ARM
		{34D6C603-EA52-4701-91A4-40E99552F357}.Debug|ARM.Deploy.0 = Debug|ARM
		{34D6C603-EA52-4701-91A4-40E99552F357}.Debug|x64.ActiveCfg = Debug|x64
		{34D6C603-EA52-4701-91A4-40E99552F357}.Debug|x64.Build.0 = Debug|x64
		{34D6C603-EA52-4701-91A4-40E99552F357}.Debug|x64.Deploy.0 = Debug|x64
		{34D6C603-EA52-4701-91A4-40E99552F357}.Debug|x86.ActiveCfg = Debug|x86
		{34D6C603-EA52-4701-91A4-40E99552F357}.Debug|x86.Build.0 = Debug|x86
		{34D6C603-EA52-4701-91A4-40E99552F357}.Debug|x86.Deploy.0 = Debug|x86
		{34D6C603-EA52-4701-91A4-40E99552F357}.Release|Any CPU.ActiveCfg = Release|x86
		{34D6C603-EA52-4701-91A4-40E99552F357}.Release|ARM.ActiveCfg = Release|ARM
		{34D6C603-EA52-4701-91A4-40E99552F357}.Release|ARM.Build.0 = Release|ARM
		{34D6C603-EA52-4701-91A4-40E99552F357}.Release|ARM.Deploy.0 = Release|ARM
		{34D6C603-EA52-4701-91A4-40E99552F357}.Release|x64.ActiveCfg = Release|x64
		{34D6C603-EA52-4701-91A4-40E99552F357}.Release|x64.Build.0 = Release|x64
		{34D6C603-EA52-4701-91A4-40E99552F357}.Release|x64.Deploy.0 = Release|x64
		{34D6C603-EA52-4701-91A4-40E99552F357}.Release|x86.ActiveCfg = Release|x86
		{34D6C603-EA52-4701-91A4-40E99552F357}.Release|x86.Build.0 = Release|x86
		{34D6C603-EA52-4701-91A4-40E99552F357}.Release|x86.Deploy.0 = Release|x86
		{1251C581-FF3E-4CC6-8146-D9AE2D4E1A87}.Debug|Any CPU.ActiveCfg = Debug|Any CPU
		{1251C581-FF3E-4CC6-8146-D9AE2D4E1A87}.Debug|Any CPU.Build.0 = Debug|Any CPU
		{1251C581-FF3E-4CC6-8146-D9AE2D4E1A87}.Debug|ARM.ActiveCfg = Debug|Any CPU
		{1251C581-FF3E-4CC6-8146-D9AE2D4E1A87}.Debug|ARM.Build.0 = Debug|Any CPU
		{1251C581-FF3E-4CC6-8146-D9AE2D4E1A87}.Debug|x64.ActiveCfg = Debug|Any CPU
		{1251C581-FF3E-4CC6-8146-D9AE2D4E1A87}.Debug|x64.Build.0 = Debug|Any CPU
		{1251C581-FF3E-4CC6-8146-D9AE2D4E1A87}.Debug|x86.ActiveCfg = Debug|Any CPU
		{1251C581-FF3E-4CC6-8146-D9AE2D4E1A87}.Debug|x86.Build.0 = Debug|Any CPU
		{1251C581-FF3E-4CC6-8146-D9AE2D4E1A87}.Release|Any CPU.ActiveCfg = Release|Any CPU
		{1251C581-FF3E-4CC6-8146-D9AE2D4E1A87}.Release|Any CPU.Build.0 = Release|Any CPU
		{1251C581-FF3E-4CC6-8146-D9AE2D4E1A87}.Release|ARM.ActiveCfg = Release|Any CPU
		{1251C581-FF3E-4CC6-8146-D9AE2D4E1A87}.Release|ARM.Build.0 = Release|Any CPU
		{1251C581-FF3E-4CC6-8146-D9AE2D4E1A87}.Release|x64.ActiveCfg = Release|Any CPU
		{1251C581-FF3E-4CC6-8146-D9AE2D4E1A87}.Release|x64.Build.0 = Release|Any CPU
		{1251C581-FF3E-4CC6-8146-D9AE2D4E1A87}.Release|x86.ActiveCfg = Release|Any CPU
		{1251C581-FF3E-4CC6-8146-D9AE2D4E1A87}.Release|x86.Build.0 = Release|Any CPU
	EndGlobalSection
	GlobalSection(SolutionProperties) = preSolution
		HideSolutionNode = FALSE
	EndGlobalSection
	GlobalSection(ExtensibilityGlobals) = postSolution
		SolutionGuid = {27BC409C-D31E-4F52-A72B-5FA6902652A5}
	EndGlobalSection
EndGlobal
